
Microsoft Visual Studio Solution File, Format Version 12.00
# Visual Studio Version 17
VisualStudioVersion = 17.11.35222.181
MinimumVisualStudioVersion = 10.0.40219.1
Project("{FAE04EC0-301F-11D3-BF4B-00C04F79EFBC}") = "PrimerEjemplo", "PrimerEjemplo\PrimerEjemplo.csproj", "{A36ED1E0-0C7F-4AFC-857F-9B6EA9FE77F8}"
EndProject
Project("{FAE04EC0-301F-11D3-BF4B-00C04F79EFBC}") = "ServidorAPIparaMAUI", "ServidorAPIparaMAUI\ServidorAPIparaMAUI.csproj", "{63F91D46-0271-4989-88A5-622B7F6409CF}"
EndProject
Global
	GlobalSection(SolutionConfigurationPlatforms) = preSolution
		Debug|Any CPU = Debug|Any CPU
		Release|Any CPU = Release|Any CPU
	EndGlobalSection
	GlobalSection(ProjectConfigurationPlatforms) = postSolution
		{A36ED1E0-0C7F-4AFC-857F-9B6EA9FE77F8}.Debug|Any CPU.ActiveCfg = Debug|Any CPU
		{A36ED1E0-0C7F-4AFC-857F-9B6EA9FE77F8}.Debug|Any CPU.Build.0 = Debug|Any CPU
		{A36ED1E0-0C7F-4AFC-857F-9B6EA9FE77F8}.Debug|Any CPU.Deploy.0 = Debug|Any CPU
		{A36ED1E0-0C7F-4AFC-857F-9B6EA9FE77F8}.Release|Any CPU.ActiveCfg = Release|Any CPU
		{A36ED1E0-0C7F-4AFC-857F-9B6EA9FE77F8}.Release|Any CPU.Build.0 = Release|Any CPU
		{A36ED1E0-0C7F-4AFC-857F-9B6EA9FE77F8}.Release|Any CPU.Deploy.0 = Release|Any CPU
		{63F91D46-0271-4989-88A5-622B7F6409CF}.Debug|Any CPU.ActiveCfg = Debug|Any CPU
		{63F91D46-0271-4989-88A5-622B7F6409CF}.Debug|Any CPU.Build.0 = Debug|Any CPU
		{63F91D46-0271-4989-88A5-622B7F6409CF}.Release|Any CPU.ActiveCfg = Release|Any CPU
		{63F91D46-0271-4989-88A5-622B7F6409CF}.Release|Any CPU.Build.0 = Release|Any CPU
	EndGlobalSection
	GlobalSection(SolutionProperties) = preSolution
		HideSolutionNode = FALSE
	EndGlobalSection
	GlobalSection(ExtensibilityGlobals) = postSolution
		SolutionGuid = {8B153F33-F5A4-43E8-BA0A-30E0CC15F32C}
	EndGlobalSection
EndGlobal
